
Microsoft Visual Studio Solution File, Format Version 12.00
# Visual Studio Version 17
VisualStudioVersion = 17.14.36705.20 d17.14
MinimumVisualStudioVersion = 10.0.40219.1
Project("{FAE04EC0-301F-11D3-BF4B-00C04F79EFBC}") = "QuickStart-Chat-With-Model", "QuickStart-Chat-With-Model.csproj", "{1366C7E1-57A9-46CC-BCF6-DC60420E14CA}"
EndProject
Global
	GlobalSection(SolutionConfigurationPlatforms) = preSolution
		Debug|Any CPU = Debug|Any CPU
		Release|Any CPU = Release|Any CPU
	EndGlobalSection
	GlobalSection(ProjectConfigurationPlatforms) = postSolution
		{1366C7E1-57A9-46CC-BCF6-DC60420E14CA}.Debug|Any CPU.ActiveCfg = Debug|Any CPU
		{1366C7E1-57A9-46CC-BCF6-DC60420E14CA}.Debug|Any CPU.Build.0 = Debug|Any CPU
		{1366C7E1-57A9-46CC-BCF6-DC60420E14CA}.Release|Any CPU.ActiveCfg = Release|Any CPU
		{1366C7E1-57A9-46CC-BCF6-DC60420E14CA}.Release|Any CPU.Build.0 = Release|Any CPU
	EndGlobalSection
	GlobalSection(SolutionProperties) = preSolution
		HideSolutionNode = FALSE
	EndGlobalSection
	GlobalSection(ExtensibilityGlobals) = postSolution
		SolutionGuid = {1D267F4A-9E7C-4CAB-A1DE-74973C4ED7F3}
	EndGlobalSection
EndGlobal
